// !$*UTF8*$!
{
	archiveVersion = 1;
	classes = {
	};
	objectVersion = 50;
	objects = {

/* Begin PBXBuildFile section */
		562EB6A858028B45AC790971 /* Pods_ReachabilitySwift_Demo.framework in Frameworks */ = {isa = PBXBuildFile; fileRef = 7CB59000DFBBB5C8CE692E93 /* Pods_ReachabilitySwift_Demo.framework */; };
		5EA014BF26B8C063007AA9C4 /* AppDelegate.swift in Sources */ = {isa = PBXBuildFile; fileRef = 5EA014BE26B8C063007AA9C4 /* AppDelegate.swift */; };
		5EA014C126B8C063007AA9C4 /* SceneDelegate.swift in Sources */ = {isa = PBXBuildFile; fileRef = 5EA014C026B8C063007AA9C4 /* SceneDelegate.swift */; };
		5EA014C326B8C063007AA9C4 /* ViewController.swift in Sources */ = {isa = PBXBuildFile; fileRef = 5EA014C226B8C063007AA9C4 /* ViewController.swift */; };
		5EA014C626B8C063007AA9C4 /* Main.storyboard in Resources */ = {isa = PBXBuildFile; fileRef = 5EA014C426B8C063007AA9C4 /* Main.storyboard */; };
		5EA014C826B8C065007AA9C4 /* Assets.xcassets in Resources */ = {isa = PBXBuildFile; fileRef = 5EA014C726B8C065007AA9C4 /* Assets.xcassets */; };
		5EA014CB26B8C065007AA9C4 /* LaunchScreen.storyboard in Resources */ = {isa = PBXBuildFile; fileRef = 5EA014C926B8C065007AA9C4 /* LaunchScreen.storyboard */; };
/* End PBXBuildFile section */

/* Begin PBXFileReference section */
		10F603678FB28E56EDCE0D5E /* Pods-ReachabilitySwift-Demo.release.xcconfig */ = {isa = PBXFileReference; includeInIndex = 1; lastKnownFileType = text.xcconfig; name = "Pods-ReachabilitySwift-Demo.release.xcconfig"; path = "Target Support Files/Pods-ReachabilitySwift-Demo/Pods-ReachabilitySwift-Demo.release.xcconfig"; sourceTree = "<group>"; };
		5EA014BB26B8C063007AA9C4 /* ReachabilitySwift-Demo.app */ = {isa = PBXFileReference; explicitFileType = wrapper.application; includeInIndex = 0; path = "ReachabilitySwift-Demo.app"; sourceTree = BUILT_PRODUCTS_DIR; };
		5EA014BE26B8C063007AA9C4 /* AppDelegate.swift */ = {isa = PBXFileReference; lastKnownFileType = sourcecode.swift; path = AppDelegate.swift; sourceTree = "<group>"; };
		5EA014C026B8C063007AA9C4 /* SceneDelegate.swift */ = {isa = PBXFileReference; lastKnownFileType = sourcecode.swift; path = SceneDelegate.swift; sourceTree = "<group>"; };
		5EA014C226B8C063007AA9C4 /* ViewController.swift */ = {isa = PBXFileReference; lastKnownFileType = sourcecode.swift; path = ViewController.swift; sourceTree = "<group>"; };
		5EA014C526B8C063007AA9C4 /* Base */ = {isa = PBXFileReference; lastKnownFileType = file.storyboard; name = Base; path = Base.lproj/Main.storyboard; sourceTree = "<group>"; };
		5EA014C726B8C065007AA9C4 /* Assets.xcassets */ = {isa = PBXFileReference; lastKnownFileType = folder.assetcatalog; path = Assets.xcassets; sourceTree = "<group>"; };
		5EA014CA26B8C065007AA9C4 /* Base */ = {isa = PBXFileReference; lastKnownFileType = file.storyboard; name = Base; path = Base.lproj/LaunchScreen.storyboard; sourceTree = "<group>"; };
		5EA014CC26B8C065007AA9C4 /* Info.plist */ = {isa = PBXFileReference; lastKnownFileType = text.plist.xml; path = Info.plist; sourceTree = "<group>"; };
		7CB59000DFBBB5C8CE692E93 /* Pods_ReachabilitySwift_Demo.framework */ = {isa = PBXFileReference; explicitFileType = wrapper.framework; includeInIndex = 0; path = Pods_ReachabilitySwift_Demo.framework; sourceTree = BUILT_PRODUCTS_DIR; };
		ABA12B215190A18C80D3FC40 /* Pods-ReachabilitySwift-Demo.debug.xcconfig */ = {isa = PBXFileReference; includeInIndex = 1; lastKnownFileType = text.xcconfig; name = "Pods-ReachabilitySwift-Demo.debug.xcconfig"; path = "Target Support Files/Pods-ReachabilitySwift-Demo/Pods-ReachabilitySwift-Demo.debug.xcconfig"; sourceTree = "<group>"; };
/* End PBXFileReference section */

/* Begin PBXFrameworksBuildPhase section */
		5EA014B826B8C063007AA9C4 /* Frameworks */ = {
			isa = PBXFrameworksBuildPhase;
			buildActionMask = 2147483647;
			files = (
				562EB6A858028B45AC790971 /* Pods_ReachabilitySwift_Demo.framework in Frameworks */,
			);
			runOnlyForDeploymentPostprocessing = 0;
		};
/* End PBXFrameworksBuildPhase section */

/* Begin PBXGroup section */
		27BC2367B8300E936D6AE3A0 /* Pods */ = {
			isa = PBXGroup;
			children = (
				ABA12B215190A18C80D3FC40 /* Pods-ReachabilitySwift-Demo.debug.xcconfig */,
				10F603678FB28E56EDCE0D5E /* Pods-ReachabilitySwift-Demo.release.xcconfig */,
			);
			name = Pods;
			path = Pods;
			sourceTree = "<group>";
		};
		2C1F1D5E4259774CA74C2EA7 /* Frameworks */ = {
			isa = PBXGroup;
			children = (
				7CB59000DFBBB5C8CE692E93 /* Pods_ReachabilitySwift_Demo.framework */,
			);
			name = Frameworks;
			sourceTree = "<group>";
		};
		5EA014B226B8C063007AA9C4 = {
			isa = PBXGroup;
			children = (
				5EA014BD26B8C063007AA9C4 /* ReachabilitySwift-Demo */,
				5EA014BC26B8C063007AA9C4 /* Products */,
				27BC2367B8300E936D6AE3A0 /* Pods */,
				2C1F1D5E4259774CA74C2EA7 /* Frameworks */,
			);
			sourceTree = "<group>";
		};
		5EA014BC26B8C063007AA9C4 /* Products */ = {
			isa = PBXGroup;
			children = (
				5EA014BB26B8C063007AA9C4 /* ReachabilitySwift-Demo.app */,
			);
			name = Products;
			sourceTree = "<group>";
		};
		5EA014BD26B8C063007AA9C4 /* ReachabilitySwift-Demo */ = {
			isa = PBXGroup;
			children = (
				5EA014BE26B8C063007AA9C4 /* AppDelegate.swift */,
				5EA014C026B8C063007AA9C4 /* SceneDelegate.swift */,
				5EA014C226B8C063007AA9C4 /* ViewController.swift */,
				5EA014C426B8C063007AA9C4 /* Main.storyboard */,
				5EA014C726B8C065007AA9C4 /* Assets.xcassets */,
				5EA014C926B8C065007AA9C4 /* LaunchScreen.storyboard */,
				5EA014CC26B8C065007AA9C4 /* Info.plist */,
			);
			path = "ReachabilitySwift-Demo";
			sourceTree = "<group>";
		};
/* End PBXGroup section */

/* Begin PBXNativeTarget section */
		5EA014BA26B8C063007AA9C4 /* ReachabilitySwift-Demo */ = {
			isa = PBXNativeTarget;
			buildConfigurationList = 5EA014CF26B8C065007AA9C4 /* Build configuration list for PBXNativeTarget "ReachabilitySwift-Demo" */;
			buildPhases = (
				9377EFABEE900DA6053E73C0 /* [CP] Check Pods Manifest.lock */,
				5EA014B726B8C063007AA9C4 /* Sources */,
				5EA014B826B8C063007AA9C4 /* Frameworks */,
				5EA014B926B8C063007AA9C4 /* Resources */,
				6CAEEFCF4EE44C03BC9E85B4 /* [CP] Embed Pods Frameworks */,
			);
			buildRules = (
			);
			dependencies = (
			);
			name = "ReachabilitySwift-Demo";
			productName = "ReachabilitySwift-Demo";
			productReference = 5EA014BB26B8C063007AA9C4 /* ReachabilitySwift-Demo.app */;
			productType = "com.apple.product-type.application";
		};
/* End PBXNativeTarget section */

/* Begin PBXProject section */
		5EA014B326B8C063007AA9C4 /* Project object */ = {
			isa = PBXProject;
			attributes = {
				LastSwiftUpdateCheck = 1250;
				LastUpgradeCheck = 1250;
				TargetAttributes = {
					5EA014BA26B8C063007AA9C4 = {
						CreatedOnToolsVersion = 12.5.1;
					};
				};
			};
			buildConfigurationList = 5EA014B626B8C063007AA9C4 /* Build configuration list for PBXProject "ReachabilitySwift-Demo" */;
			compatibilityVersion = "Xcode 9.3";
			developmentRegion = en;
			hasScannedForEncodings = 0;
			knownRegions = (
				en,
				Base,
			);
			mainGroup = 5EA014B226B8C063007AA9C4;
			productRefGroup = 5EA014BC26B8C063007AA9C4 /* Products */;
			projectDirPath = "";
			projectRoot = "";
			targets = (
				5EA014BA26B8C063007AA9C4 /* ReachabilitySwift-Demo */,
			);
		};
/* End PBXProject section */

/* Begin PBXResourcesBuildPhase section */
		5EA014B926B8C063007AA9C4 /* Resources */ = {
			isa = PBXResourcesBuildPhase;
			buildActionMask = 2147483647;
			files = (
				5EA014CB26B8C065007AA9C4 /* LaunchScreen.storyboard in Resources */,
				5EA014C826B8C065007AA9C4 /* Assets.xcassets in Resources */,
				5EA014C626B8C063007AA9C4 /* Main.storyboard in Resources */,
			);
			runOnlyForDeploymentPostprocessing = 0;
		};
/* End PBXResourcesBuildPhase section */

/* Begin PBXShellScriptBuildPhase section */
		6CAEEFCF4EE44C03BC9E85B4 /* [CP] Embed Pods Frameworks */ = {
			isa = PBXShellScriptBuildPhase;
			buildActionMask = 2147483647;
			files = (
			);
			inputFileListPaths = (
				"${PODS_ROOT}/Target Support Files/Pods-ReachabilitySwift-Demo/Pods-ReachabilitySwift-Demo-frameworks-${CONFIGURATION}-input-files.xcfilelist",
			);
			name = "[CP] Embed Pods Frameworks";
			outputFileListPaths = (
				"${PODS_ROOT}/Target Support Files/Pods-ReachabilitySwift-Demo/Pods-ReachabilitySwift-Demo-frameworks-${CONFIGURATION}-output-files.xcfilelist",
			);
			runOnlyForDeploymentPostprocessing = 0;
			shellPath = /bin/sh;
			shellScript = "\"${PODS_ROOT}/Target Support Files/Pods-ReachabilitySwift-Demo/Pods-ReachabilitySwift-Demo-frameworks.sh\"\n";
			showEnvVarsInLog = 0;
		};
		9377EFABEE900DA6053E73C0 /* [CP] Check Pods Manifest.lock */ = {
			isa = PBXShellScriptBuildPhase;
			buildActionMask = 2147483647;
			files = (
			);
			inputFileListPaths = (
			);
			inputPaths = (
				"${PODS_PODFILE_DIR_PATH}/Podfile.lock",
				"${PODS_ROOT}/Manifest.lock",
			);
			name = "[CP] Check Pods Manifest.lock";
			outputFileListPaths = (
			);
			outputPaths = (
				"$(DERIVED_FILE_DIR)/Pods-ReachabilitySwift-Demo-checkManifestLockResult.txt",
			);
			runOnlyForDeploymentPostprocessing = 0;
			shellPath = /bin/sh;
			shellScript = "diff \"${PODS_PODFILE_DIR_PATH}/Podfile.lock\" \"${PODS_ROOT}/Manifest.lock\" > /dev/null\nif [ $? != 0 ] ; then\n    # print error to STDERR\n    echo \"error: The sandbox is not in sync with the Podfile.lock. Run 'pod install' or update your CocoaPods installation.\" >&2\n    exit 1\nfi\n# This output is used by Xcode 'outputs' to avoid re-running this script phase.\necho \"SUCCESS\" > \"${SCRIPT_OUTPUT_FILE_0}\"\n";
			showEnvVarsInLog = 0;
		};
/* End PBXShellScriptBuildPhase section */

/* Begin PBXSourcesBuildPhase section */
		5EA014B726B8C063007AA9C4 /* Sources */ = {
			isa = PBXSourcesBuildPhase;
			buildActionMask = 2147483647;
			files = (
				5EA014C326B8C063007AA9C4 /* ViewController.swift in Sources */,
				5EA014BF26B8C063007AA9C4 /* AppDelegate.swift in Sources */,
				5EA014C126B8C063007AA9C4 /* SceneDelegate.swift in Sources */,
			);
			runOnlyForDeploymentPostprocessing = 0;
		};
/* End PBXSourcesBuildPhase section */

/* Begin PBXVariantGroup section */
		5EA014C426B8C063007AA9C4 /* Main.storyboard */ = {
			isa = PBXVariantGroup;
			children = (
				5EA014C526B8C063007AA9C4 /* Base */,
			);
			name = Main.storyboard;
			sourceTree = "<group>";
		};
		5EA014C926B8C065007AA9C4 /* LaunchScreen.storyboard */ = {
			isa = PBXVariantGroup;
			children = (
				5EA014CA26B8C065007AA9C4 /* Base */,
			);
			name = LaunchScreen.storyboard;
			sourceTree = "<group>";
		};
/* End PBXVariantGroup section */

/* Begin XCBuildConfiguration section */
		5EA014CD26B8C065007AA9C4 /* Debug */ = {
			isa = XCBuildConfiguration;
			buildSettings = {
				ALWAYS_SEARCH_USER_PATHS = NO;
				CLANG_ANALYZER_NONNULL = YES;
				CLANG_ANALYZER_NUMBER_OBJECT_CONVERSION = YES_AGGRESSIVE;
				CLANG_CXX_LANGUAGE_STANDARD = "gnu++14";
				CLANG_CXX_LIBRARY = "libc++";
				CLANG_ENABLE_MODULES = YES;
				CLANG_ENABLE_OBJC_ARC = YES;
				CLANG_ENABLE_OBJC_WEAK = YES;
				CLANG_WARN_BLOCK_CAPTURE_AUTORELEASING = YES;
				CLANG_WARN_BOOL_CONVERSION = YES;
				CLANG_WARN_COMMA = YES;
				CLANG_WARN_CONSTANT_CONVERSION = YES;
				CLANG_WARN_DEPRECATED_OBJC_IMPLEMENTATIONS = YES;
				CLANG_WARN_DIRECT_OBJC_ISA_USAGE = YES_ERROR;
				CLANG_WARN_DOCUMENTATION_COMMENTS = YES;
				CLANG_WARN_EMPTY_BODY = YES;
				CLANG_WARN_ENUM_CONVERSION = YES;
				CLANG_WARN_INFINITE_RECURSION = YES;
				CLANG_WARN_INT_CONVERSION = YES;
				CLANG_WARN_NON_LITERAL_NULL_CONVERSION = YES;
				CLANG_WARN_OBJC_IMPLICIT_RETAIN_SELF = YES;
				CLANG_WARN_OBJC_LITERAL_CONVERSION = YES;
				CLANG_WARN_OBJC_ROOT_CLASS = YES_ERROR;
				CLANG_WARN_QUOTED_INCLUDE_IN_FRAMEWORK_HEADER = YES;
				CLANG_WARN_RANGE_LOOP_ANALYSIS = YES;
				CLANG_WARN_STRICT_PROTOTYPES = YES;
				CLANG_WARN_SUSPICIOUS_MOVE = YES;
				CLANG_WARN_UNGUARDED_AVAILABILITY = YES_AGGRESSIVE;
				CLANG_WARN_UNREACHABLE_CODE = YES;
				CLANG_WARN__DUPLICATE_METHOD_MATCH = YES;
				COPY_PHASE_STRIP = NO;
				DEBUG_INFORMATION_FORMAT = dwarf;
				ENABLE_STRICT_OBJC_MSGSEND = YES;
				ENABLE_TESTABILITY = YES;
				GCC_C_LANGUAGE_STANDARD = gnu11;
				GCC_DYNAMIC_NO_PIC = NO;
				GCC_NO_COMMON_BLOCKS = YES;
				GCC_OPTIMIZATION_LEVEL = 0;
				GCC_PREPROCESSOR_DEFINITIONS = (
					"DEBUG=1",
					"$(inherited)",
				);
				GCC_WARN_64_TO_32_BIT_CONVERSION = YES;
				GCC_WARN_ABOUT_RETURN_TYPE = YES_ERROR;
				GCC_WARN_UNDECLARED_SELECTOR = YES;
				GCC_WARN_UNINITIALIZED_AUTOS = YES_AGGRESSIVE;
				GCC_WARN_UNUSED_FUNCTION = YES;
				GCC_WARN_UNUSED_VARIABLE = YES;
				IPHONEOS_DEPLOYMENT_TARGET = 14.5;
				MTL_ENABLE_DEBUG_INFO = INCLUDE_SOURCE;
				MTL_FAST_MATH = YES;
				ONLY_ACTIVE_ARCH = YES;
				SDKROOT = iphoneos;
				SWIFT_ACTIVE_COMPILATION_CONDITIONS = DEBUG;
				SWIFT_OPTIMIZATION_LEVEL = "-Onone";
			};
			name = Debug;
		};
		5EA014CE26B8C065007AA9C4 /* Release */ = {
			isa = XCBuildConfiguration;
			buildSettings = {
				ALWAYS_SEARCH_USER_PATHS = NO;
				CLANG_ANALYZER_NONNULL = YES;
				CLANG_ANALYZER_NUMBER_OBJECT_CONVERSION = YES_AGGRESSIVE;
				CLANG_CXX_LANGUAGE_STANDARD = "gnu++14";
				CLANG_CXX_LIBRARY = "libc++";
				CLANG_ENABLE_MODULES = YES;
				CLANG_ENABLE_OBJC_ARC = YES;
				CLANG_ENABLE_OBJC_WEAK = YES;
				CLANG_WARN_BLOCK_CAPTURE_AUTORELEASING = YES;
				CLANG_WARN_BOOL_CONVERSION = YES;
				CLANG_WARN_COMMA = YES;
				CLANG_WARN_CONSTANT_CONVERSION = YES;
				CLANG_WARN_DEPRECATED_OBJC_IMPLEMENTATIONS = YES;
				CLANG_WARN_DIRECT_OBJC_ISA_USAGE = YES_ERROR;
				CLANG_WARN_DOCUMENTATION_COMMENTS = YES;
				CLANG_WARN_EMPTY_BODY = YES;
				CLANG_WARN_ENUM_CONVERSION = YES;
				CLANG_WARN_INFINITE_RECURSION = YES;
				CLANG_WARN_INT_CONVERSION = YES;
				CLANG_WARN_NON_LITERAL_NULL_CONVERSION = YES;
				CLANG_WARN_OBJC_IMPLICIT_RETAIN_SELF = YES;
				CLANG_WARN_OBJC_LITERAL_CONVERSION = YES;
				CLANG_WARN_OBJC_ROOT_CLASS = YES_ERROR;
				CLANG_WARN_QUOTED_INCLUDE_IN_FRAMEWORK_HEADER = YES;
				CLANG_WARN_RANGE_LOOP_ANALYSIS = YES;
				CLANG_WARN_STRICT_PROTOTYPES = YES;
				CLANG_WARN_SUSPICIOUS_MOVE = YES;
				CLANG_WARN_UNGUARDED_AVAILABILITY = YES_AGGRESSIVE;
				CLANG_WARN_UNREACHABLE_CODE = YES;
				CLANG_WARN__DUPLICATE_METHOD_MATCH = YES;
				COPY_PHASE_STRIP = NO;
				DEBUG_INFORMATION_FORMAT = "dwarf-with-dsym";
				ENABLE_NS_ASSERTIONS = NO;
				ENABLE_STRICT_OBJC_MSGSEND = YES;
				GCC_C_LANGUAGE_STANDARD = gnu11;
				GCC_NO_COMMON_BLOCKS = YES;
				GCC_WARN_64_TO_32_BIT_CONVERSION = YES;
				GCC_WARN_ABOUT_RETURN_TYPE = YES_ERROR;
				GCC_WARN_UNDECLARED_SELECTOR = YES;
				GCC_WARN_UNINITIALIZED_AUTOS = YES_AGGRESSIVE;
				GCC_WARN_UNUSED_FUNCTION = YES;
				GCC_WARN_UNUSED_VARIABLE = YES;
				IPHONEOS_DEPLOYMENT_TARGET = 14.5;
				MTL_ENABLE_DEBUG_INFO = NO;
				MTL_FAST_MATH = YES;
				SDKROOT = iphoneos;
				SWIFT_COMPILATION_MODE = wholemodule;
				SWIFT_OPTIMIZATION_LEVEL = "-O";
				VALIDATE_PRODUCT = YES;
			};
			name = Release;
		};
		5EA014D026B8C065007AA9C4 /* Debug */ = {
			isa = XCBuildConfiguration;
			baseConfigurationReference = ABA12B215190A18C80D3FC40 /* Pods-ReachabilitySwift-Demo.debug.xcconfig */;
			buildSettings = {
				ASSETCATALOG_COMPILER_APPICON_NAME = AppIcon;
				ASSETCATALOG_COMPILER_GLOBAL_ACCENT_COLOR_NAME = AccentColor;
				CODE_SIGN_STYLE = Automatic;
				DEVELOPMENT_TEAM = PCCZJUYRT6;
				INFOPLIST_FILE = "ReachabilitySwift-Demo/Info.plist";
				LD_RUNPATH_SEARCH_PATHS = (
					"$(inherited)",
					"@executable_path/Frameworks",
				);
				PRODUCT_BUNDLE_IDENTIFIER = "kazua.ReachabilitySwift-Demo";
				PRODUCT_NAME = "$(TARGET_NAME)";
				SWIFT_VERSION = 5.0;
				TARGETED_DEVICE_FAMILY = "1,2";
			};
			name = Debug;
		};
		5EA014D126B8C065007AA9C4 /* Release */ = {
			isa = XCBuildConfiguration;
			baseConfigurationReference = 10F603678FB28E56EDCE0D5E /* Pods-ReachabilitySwift-Demo.release.xcconfig */;
			buildSettings = {
				ASSETCATALOG_COMPILER_APPICON_NAME = AppIcon;
				ASSETCATALOG_COMPILER_GLOBAL_ACCENT_COLOR_NAME = AccentColor;
				CODE_SIGN_STYLE = Automatic;
				DEVELOPMENT_TEAM = PCCZJUYRT6;
				INFOPLIST_FILE = "ReachabilitySwift-Demo/Info.plist";
				LD_RUNPATH_SEARCH_PATHS = (
					"$(inherited)",
					"@executable_path/Frameworks",
				);
				PRODUCT_BUNDLE_IDENTIFIER = "kazua.ReachabilitySwift-Demo";
				PRODUCT_NAME = "$(TARGET_NAME)";
				SWIFT_VERSION = 5.0;
				TARGETED_DEVICE_FAMILY = "1,2";
			};
			name = Release;
		};
/* End XCBuildConfiguration section */

/* Begin XCConfigurationList section */
		5EA014B626B8C063007AA9C4 /* Build configuration list for PBXProject "ReachabilitySwift-Demo" */ = {
			isa = XCConfigurationList;
			buildConfigurations = (
				5EA014CD26B8C065007AA9C4 /* Debug */,
				5EA014CE26B8C065007AA9C4 /* Release */,
			);
			defaultConfigurationIsVisible = 0;
			defaultConfigurationName = Release;
		};
		5EA014CF26B8C065007AA9C4 /* Build configuration list for PBXNativeTarget "ReachabilitySwift-Demo" */ = {
			isa = XCConfigurationList;
			buildConfigurations = (
				5EA014D026B8C065007AA9C4 /* Debug */,
				5EA014D126B8C065007AA9C4 /* Release */,
			);
			defaultConfigurationIsVisible = 0;
			defaultConfigurationName = Release;
		};
/* End XCConfigurationList section */
	};
	rootObject = 5EA014B326B8C063007AA9C4 /* Project object */;
}
